
Microsoft Visual Studio Solution File, Format Version 12.00
# Visual Studio Version 17
VisualStudioVersion = 17.0.32126.317
MinimumVisualStudioVersion = 10.0.40219.1
Project("{FAE04EC0-301F-11D3-BF4B-00C04F79EFBC}") = "ConsoleMon", "ConsoleMon\ConsoleMon.csproj", "{31F10EF7-442E-4BAA-8E8A-514123094E39}"
EndProject
Global
	GlobalSection(SolutionConfigurationPlatforms) = preSolution
		Debug|Any CPU = Debug|Any CPU
		Release|Any CPU = Release|Any CPU
	EndGlobalSection
	GlobalSection(ProjectConfigurationPlatforms) = postSolution
		{31F10EF7-442E-4BAA-8E8A-514123094E39}.Debug|Any CPU.ActiveCfg = Debug|Any CPU
		{31F10EF7-442E-4BAA-8E8A-514123094E39}.Debug|Any CPU.Build.0 = Debug|Any CPU
		{31F10EF7-442E-4BAA-8E8A-514123094E39}.Release|Any CPU.ActiveCfg = Release|Any CPU
		{31F10EF7-442E-4BAA-8E8A-514123094E39}.Release|Any CPU.Build.0 = Release|Any CPU
	EndGlobalSection
	GlobalSection(SolutionProperties) = preSolution
		HideSolutionNode = FALSE
	EndGlobalSection
	GlobalSection(ExtensibilityGlobals) = postSolution
		SolutionGuid = {C3B4850D-0E82-4235-A497-DF9E114D9526}
	EndGlobalSection
EndGlobal
